
Microsoft Visual Studio Solution File, Format Version 12.00
# Visual Studio Version 17
VisualStudioVersion = 17.13.35818.85 d17.13
MinimumVisualStudioVersion = 10.0.40219.1
Project("{FAE04EC0-301F-11D3-BF4B-00C04F79EFBC}") = "u22571460_Practical4", "u22571460_Practical4\u22571460_Practical4.csproj", "{A04C3511-AF04-4A78-8BF4-FD08B0BC1085}"
EndProject
Global
	GlobalSection(SolutionConfigurationPlatforms) = preSolution
		Debug|Any CPU = Debug|Any CPU
		Release|Any CPU = Release|Any CPU
	EndGlobalSection
	GlobalSection(ProjectConfigurationPlatforms) = postSolution
		{A04C3511-AF04-4A78-8BF4-FD08B0BC1085}.Debug|Any CPU.ActiveCfg = Debug|Any CPU
		{A04C3511-AF04-4A78-8BF4-FD08B0BC1085}.Debug|Any CPU.Build.0 = Debug|Any CPU
		{A04C3511-AF04-4A78-8BF4-FD08B0BC1085}.Release|Any CPU.ActiveCfg = Release|Any CPU
		{A04C3511-AF04-4A78-8BF4-FD08B0BC1085}.Release|Any CPU.Build.0 = Release|Any CPU
	EndGlobalSection
	GlobalSection(SolutionProperties) = preSolution
		HideSolutionNode = FALSE
	EndGlobalSection
	GlobalSection(ExtensibilityGlobals) = postSolution
		SolutionGuid = {C45FE95F-F58D-40E9-A862-416194A99A79}
	EndGlobalSection
EndGlobal
